<Solution>
  <Folder Name="/Task0/">
    <Project Path="Tyuiu.BelovolovVS.Sprint0.Task0.V0/Tyuiu.BelovolovVS.Sprint0.Task0.V0.csproj" Id="79ce991d-2b61-4b91-904f-cf339caf7f9e" />
  </Folder>
  <Folder Name="/Task1/">
    <Project Path="Tyuiu.BelovolovVS.Sprint0.Task1.V0/Tyuiu.BelovolovVS.Sprint0.Task1.V0.csproj" Id="26681fb1-8860-408f-b7a0-f78c32013725" />
  </Folder>
  <Folder Name="/Task2/">
    <Project Path="Tyuiu.BelovolovVS.Sprint0.Task2.V0.Lib/Tyuiu.BelovolovVS.Sprint0.Task2.V0.Lib.csproj" Id="c5aeb7cf-6193-4088-aee8-3b116e8dbe45" />
    <Project Path="Tyuiu.BelovolovVS.Sprint0.Task2.V0.Test/Tyuiu.BelovolovVS.Sprint0.Task2.V0.Test.csproj" Id="270e845e-7896-47a2-b81c-423e1e5142fe" />
    <Project Path="Tyuiu.BelovolovVS.Task2.V0/Tyuiu.BelovolovVS.Sprint0.Task2.V0.csproj" Id="8b4e945b-cde5-4e84-9d2b-b0d11be3d536" />
  </Folder>
  <Folder Name="/Task3/">
    <Project Path="Tyuiu.BelovolovVS.sPRINT0.tASK3.v0.Lib/Tyuiu.BelovolovVS.Sprint0.Task3.V0.Lib.csproj" Id="b384c2f1-e411-455b-9611-5e588b8e3a99" />
    <Project Path="Tyuiu.BelovolovVS.Sprint0.Task3.V0.Test/Tyuiu.BelovolovVS.Sprint0.Task3.V0.Test.csproj" Id="23f92cd4-ab4b-4066-bb3a-2c261a0e9827" />
    <Project Path="Tyuiu.BelovolovVS.Sprint0.Task3.V0/Tyuiu.BelovolovVS.Sprint0.Task3.V0.csproj" Id="bfaccf16-fd5e-4152-b788-db8e9bad64a7" />
  </Folder>
  <Folder Name="/Task4/">
    <Project Path="Tyuiu.BelovolovVS.Sprint0.Task4.V0.Lib/Tyuiu.BelovolovVS.Sprint0.Task4.V0.Lib.csproj" Id="0688b2c5-bc13-4860-b17b-634e039bde47" />
    <Project Path="Tyuiu.BelovolovVS.Sprint0.Task4.V0.Test/Tyuiu.BelovolovVS.Sprint0.Task4.V0.Test.csproj" Id="16e453cf-58f3-419d-93d8-8510d2fd8d44" />
    <Project Path="Tyuiu.BelovolovVS.Sprint0.Task4.V0/Tyuiu.BelovolovVS.Sprint0.Task4.V0.csproj" Id="396acf41-6a50-4efb-bf7f-78348e37ae46" />
  </Folder>
</Solution>
